
Microsoft Visual Studio Solution File, Format Version 12.00
# Visual Studio Version 16
VisualStudioVersion = 16.0.32002.261
MinimumVisualStudioVersion = 10.0.40219.1
Project("{F184B08F-C81C-45F6-A57F-5ABD9991F28F}") = "ListBox_RollOfTheDice", "ListBox_RollOfTheDice\ListBox_RollOfTheDice.vbproj", "{5403A5C8-AAE2-4E44-9923-11454C2C9BA8}"
EndProject
Global
	GlobalSection(SolutionConfigurationPlatforms) = preSolution
		Debug|Any CPU = Debug|Any CPU
		Release|Any CPU = Release|Any CPU
	EndGlobalSection
	GlobalSection(ProjectConfigurationPlatforms) = postSolution
		{5403A5C8-AAE2-4E44-9923-11454C2C9BA8}.Debug|Any CPU.ActiveCfg = Debug|Any CPU
		{5403A5C8-AAE2-4E44-9923-11454C2C9BA8}.Debug|Any CPU.Build.0 = Debug|Any CPU
		{5403A5C8-AAE2-4E44-9923-11454C2C9BA8}.Release|Any CPU.ActiveCfg = Release|Any CPU
		{5403A5C8-AAE2-4E44-9923-11454C2C9BA8}.Release|Any CPU.Build.0 = Release|Any CPU
	EndGlobalSection
	GlobalSection(SolutionProperties) = preSolution
		HideSolutionNode = FALSE
	EndGlobalSection
	GlobalSection(ExtensibilityGlobals) = postSolution
		SolutionGuid = {C6B10473-F3D0-4382-9C6E-5514C8DECD13}
	EndGlobalSection
EndGlobal
